// !$*UTF8*$!
{
	archiveVersion = 1;
	classes = {
	};
	objectVersion = 55;
	objects = {

/* Begin PBXBuildFile section */
		8C896A6F2722600500517861 /* AppDelegate.swift in Sources */ = {isa = PBXBuildFile; fileRef = 8C896A6E2722600500517861 /* AppDelegate.swift */; };
		8C896A782722600800517861 /* Assets.xcassets in Resources */ = {isa = PBXBuildFile; fileRef = 8C896A772722600800517861 /* Assets.xcassets */; };
		8C896A7B2722600800517861 /* LaunchScreen.storyboard in Resources */ = {isa = PBXBuildFile; fileRef = 8C896A792722600800517861 /* LaunchScreen.storyboard */; };
		8C896A83272260F700517861 /* ValidationTestViewController.swift in Sources */ = {isa = PBXBuildFile; fileRef = 8C896A82272260F700517861 /* ValidationTestViewController.swift */; };
		8C896A852722610500517861 /* ValidationTest.storyboard in Resources */ = {isa = PBXBuildFile; fileRef = 8C896A842722610500517861 /* ValidationTest.storyboard */; };
		8C896A8727227C5A00517861 /* Validator.swift in Sources */ = {isa = PBXBuildFile; fileRef = 8C896A8627227C5A00517861 /* Validator.swift */; };
		8CDB5005276DDEA600B8ECF2 /* ValidationTestTests.swift in Sources */ = {isa = PBXBuildFile; fileRef = 8CDB5004276DDEA600B8ECF2 /* ValidationTestTests.swift */; };
		8CDB500C276DEAED00B8ECF2 /* ValidatorTest.swift in Sources */ = {isa = PBXBuildFile; fileRef = 8CDB500B276DEAED00B8ECF2 /* ValidatorTest.swift */; };
/* End PBXBuildFile section */

/* Begin PBXContainerItemProxy section */
		8CDB5006276DDEA600B8ECF2 /* PBXContainerItemProxy */ = {
			isa = PBXContainerItemProxy;
			containerPortal = 8C896A632722600500517861 /* Project object */;
			proxyType = 1;
			remoteGlobalIDString = 8C896A6A2722600500517861;
			remoteInfo = ValidationTest;
		};
/* End PBXContainerItemProxy section */

/* Begin PBXFileReference section */
		8C896A6B2722600500517861 /* ValidationTest.app */ = {isa = PBXFileReference; explicitFileType = wrapper.application; includeInIndex = 0; path = ValidationTest.app; sourceTree = BUILT_PRODUCTS_DIR; };
		8C896A6E2722600500517861 /* AppDelegate.swift */ = {isa = PBXFileReference; lastKnownFileType = sourcecode.swift; path = AppDelegate.swift; sourceTree = "<group>"; };
		8C896A772722600800517861 /* Assets.xcassets */ = {isa = PBXFileReference; lastKnownFileType = folder.assetcatalog; path = Assets.xcassets; sourceTree = "<group>"; };
		8C896A7A2722600800517861 /* Base */ = {isa = PBXFileReference; lastKnownFileType = file.storyboard; name = Base; path = Base.lproj/LaunchScreen.storyboard; sourceTree = "<group>"; };
		8C896A7C2722600800517861 /* Info.plist */ = {isa = PBXFileReference; lastKnownFileType = text.plist.xml; path = Info.plist; sourceTree = "<group>"; };
		8C896A82272260F700517861 /* ValidationTestViewController.swift */ = {isa = PBXFileReference; lastKnownFileType = sourcecode.swift; path = ValidationTestViewController.swift; sourceTree = "<group>"; };
		8C896A842722610500517861 /* ValidationTest.storyboard */ = {isa = PBXFileReference; lastKnownFileType = file.storyboard; path = ValidationTest.storyboard; sourceTree = "<group>"; };
		8C896A8627227C5A00517861 /* Validator.swift */ = {isa = PBXFileReference; lastKnownFileType = sourcecode.swift; path = Validator.swift; sourceTree = "<group>"; };
		8CDB5002276DDEA600B8ECF2 /* ValidationTestTests.xctest */ = {isa = PBXFileReference; explicitFileType = wrapper.cfbundle; includeInIndex = 0; path = ValidationTestTests.xctest; sourceTree = BUILT_PRODUCTS_DIR; };
		8CDB5004276DDEA600B8ECF2 /* ValidationTestTests.swift */ = {isa = PBXFileReference; lastKnownFileType = sourcecode.swift; path = ValidationTestTests.swift; sourceTree = "<group>"; };
		8CDB500B276DEAED00B8ECF2 /* ValidatorTest.swift */ = {isa = PBXFileReference; lastKnownFileType = sourcecode.swift; path = ValidatorTest.swift; sourceTree = "<group>"; };
/* End PBXFileReference section */

/* Begin PBXFrameworksBuildPhase section */
		8C896A682722600500517861 /* Frameworks */ = {
			isa = PBXFrameworksBuildPhase;
			buildActionMask = 2147483647;
			files = (
			);
			runOnlyForDeploymentPostprocessing = 0;
		};
		8CDB4FFF276DDEA600B8ECF2 /* Frameworks */ = {
			isa = PBXFrameworksBuildPhase;
			buildActionMask = 2147483647;
			files = (
			);
			runOnlyForDeploymentPostprocessing = 0;
		};
/* End PBXFrameworksBuildPhase section */

/* Begin PBXGroup section */
		8C896A622722600500517861 = {
			isa = PBXGroup;
			children = (
				8C896A6D2722600500517861 /* ValidationTest */,
				8CDB5003276DDEA600B8ECF2 /* ValidationTestTests */,
				8C896A6C2722600500517861 /* Products */,
			);
			sourceTree = "<group>";
		};
		8C896A6C2722600500517861 /* Products */ = {
			isa = PBXGroup;
			children = (
				8C896A6B2722600500517861 /* ValidationTest.app */,
				8CDB5002276DDEA600B8ECF2 /* ValidationTestTests.xctest */,
			);
			name = Products;
			sourceTree = "<group>";
		};
		8C896A6D2722600500517861 /* ValidationTest */ = {
			isa = PBXGroup;
			children = (
				8C896A6E2722600500517861 /* AppDelegate.swift */,
				8C896A772722600800517861 /* Assets.xcassets */,
				8C896A792722600800517861 /* LaunchScreen.storyboard */,
				8C896A7C2722600800517861 /* Info.plist */,
				8C896A82272260F700517861 /* ValidationTestViewController.swift */,
				8C896A842722610500517861 /* ValidationTest.storyboard */,
				8C896A8627227C5A00517861 /* Validator.swift */,
			);
			path = ValidationTest;
			sourceTree = "<group>";
		};
		8CDB5003276DDEA600B8ECF2 /* ValidationTestTests */ = {
			isa = PBXGroup;
			children = (
				8CDB5004276DDEA600B8ECF2 /* ValidationTestTests.swift */,
				8CDB500B276DEAED00B8ECF2 /* ValidatorTest.swift */,
			);
			path = ValidationTestTests;
			sourceTree = "<group>";
		};
/* End PBXGroup section */

/* Begin PBXNativeTarget section */
		8C896A6A2722600500517861 /* ValidationTest */ = {
			isa = PBXNativeTarget;
			buildConfigurationList = 8C896A7F2722600800517861 /* Build configuration list for PBXNativeTarget "ValidationTest" */;
			buildPhases = (
				8C896A672722600500517861 /* Sources */,
				8C896A682722600500517861 /* Frameworks */,
				8C896A692722600500517861 /* Resources */,
			);
			buildRules = (
			);
			dependencies = (
			);
			name = ValidationTest;
			productName = ValidationTest;
			productReference = 8C896A6B2722600500517861 /* ValidationTest.app */;
			productType = "com.apple.product-type.application";
		};
		8CDB5001276DDEA600B8ECF2 /* ValidationTestTests */ = {
			isa = PBXNativeTarget;
			buildConfigurationList = 8CDB500A276DDEA600B8ECF2 /* Build configuration list for PBXNativeTarget "ValidationTestTests" */;
			buildPhases = (
				8CDB4FFE276DDEA600B8ECF2 /* Sources */,
				8CDB4FFF276DDEA600B8ECF2 /* Frameworks */,
				8CDB5000276DDEA600B8ECF2 /* Resources */,
			);
			buildRules = (
			);
			dependencies = (
				8CDB5007276DDEA600B8ECF2 /* PBXTargetDependency */,
			);
			name = ValidationTestTests;
			productName = ValidationTestTests;
			productReference = 8CDB5002276DDEA600B8ECF2 /* ValidationTestTests.xctest */;
			productType = "com.apple.product-type.bundle.unit-test";
		};
/* End PBXNativeTarget section */

/* Begin PBXProject section */
		8C896A632722600500517861 /* Project object */ = {
			isa = PBXProject;
			attributes = {
				BuildIndependentTargetsInParallel = 1;
				LastSwiftUpdateCheck = 1300;
				LastUpgradeCheck = 1300;
				TargetAttributes = {
					8C896A6A2722600500517861 = {
						CreatedOnToolsVersion = 13.0;
					};
					8CDB5001276DDEA600B8ECF2 = {
						CreatedOnToolsVersion = 13.0;
						TestTargetID = 8C896A6A2722600500517861;
					};
				};
			};
			buildConfigurationList = 8C896A662722600500517861 /* Build configuration list for PBXProject "ValidationTest" */;
			compatibilityVersion = "Xcode 13.0";
			developmentRegion = en;
			hasScannedForEncodings = 0;
			knownRegions = (
				en,
				Base,
			);
			mainGroup = 8C896A622722600500517861;
			productRefGroup = 8C896A6C2722600500517861 /* Products */;
			projectDirPath = "";
			projectRoot = "";
			targets = (
				8C896A6A2722600500517861 /* ValidationTest */,
				8CDB5001276DDEA600B8ECF2 /* ValidationTestTests */,
			);
		};
/* End PBXProject section */

/* Begin PBXResourcesBuildPhase section */
		8C896A692722600500517861 /* Resources */ = {
			isa = PBXResourcesBuildPhase;
			buildActionMask = 2147483647;
			files = (
				8C896A852722610500517861 /* ValidationTest.storyboard in Resources */,
				8C896A7B2722600800517861 /* LaunchScreen.storyboard in Resources */,
				8C896A782722600800517861 /* Assets.xcassets in Resources */,
			);
			runOnlyForDeploymentPostprocessing = 0;
		};
		8CDB5000276DDEA600B8ECF2 /* Resources */ = {
			isa = PBXResourcesBuildPhase;
			buildActionMask = 2147483647;
			files = (
			);
			runOnlyForDeploymentPostprocessing = 0;
		};
/* End PBXResourcesBuildPhase section */

/* Begin PBXSourcesBuildPhase section */
		8C896A672722600500517861 /* Sources */ = {
			isa = PBXSourcesBuildPhase;
			buildActionMask = 2147483647;
			files = (
				8C896A6F2722600500517861 /* AppDelegate.swift in Sources */,
				8C896A8727227C5A00517861 /* Validator.swift in Sources */,
				8C896A83272260F700517861 /* ValidationTestViewController.swift in Sources */,
			);
			runOnlyForDeploymentPostprocessing = 0;
		};
		8CDB4FFE276DDEA600B8ECF2 /* Sources */ = {
			isa = PBXSourcesBuildPhase;
			buildActionMask = 2147483647;
			files = (
				8CDB500C276DEAED00B8ECF2 /* ValidatorTest.swift in Sources */,
				8CDB5005276DDEA600B8ECF2 /* ValidationTestTests.swift in Sources */,
			);
			runOnlyForDeploymentPostprocessing = 0;
		};
/* End PBXSourcesBuildPhase section */

/* Begin PBXTargetDependency section */
		8CDB5007276DDEA600B8ECF2 /* PBXTargetDependency */ = {
			isa = PBXTargetDependency;
			target = 8C896A6A2722600500517861 /* ValidationTest */;
			targetProxy = 8CDB5006276DDEA600B8ECF2 /* PBXContainerItemProxy */;
		};
/* End PBXTargetDependency section */

/* Begin PBXVariantGroup section */
		8C896A792722600800517861 /* LaunchScreen.storyboard */ = {
			isa = PBXVariantGroup;
			children = (
				8C896A7A2722600800517861 /* Base */,
			);
			name = LaunchScreen.storyboard;
			sourceTree = "<group>";
		};
/* End PBXVariantGroup section */

/* Begin XCBuildConfiguration section */
		8C896A7D2722600800517861 /* Debug */ = {
			isa = XCBuildConfiguration;
			buildSettings = {
				ALWAYS_SEARCH_USER_PATHS = NO;
				CLANG_ANALYZER_NONNULL = YES;
				CLANG_ANALYZER_NUMBER_OBJECT_CONVERSION = YES_AGGRESSIVE;
				CLANG_CXX_LANGUAGE_STANDARD = "gnu++17";
				CLANG_CXX_LIBRARY = "libc++";
				CLANG_ENABLE_MODULES = YES;
				CLANG_ENABLE_OBJC_ARC = YES;
				CLANG_ENABLE_OBJC_WEAK = YES;
				CLANG_WARN_BLOCK_CAPTURE_AUTORELEASING = YES;
				CLANG_WARN_BOOL_CONVERSION = YES;
				CLANG_WARN_COMMA = YES;
				CLANG_WARN_CONSTANT_CONVERSION = YES;
				CLANG_WARN_DEPRECATED_OBJC_IMPLEMENTATIONS = YES;
				CLANG_WARN_DIRECT_OBJC_ISA_USAGE = YES_ERROR;
				CLANG_WARN_DOCUMENTATION_COMMENTS = YES;
				CLANG_WARN_EMPTY_BODY = YES;
				CLANG_WARN_ENUM_CONVERSION = YES;
				CLANG_WARN_INFINITE_RECURSION = YES;
				CLANG_WARN_INT_CONVERSION = YES;
				CLANG_WARN_NON_LITERAL_NULL_CONVERSION = YES;
				CLANG_WARN_OBJC_IMPLICIT_RETAIN_SELF = YES;
				CLANG_WARN_OBJC_LITERAL_CONVERSION = YES;
				CLANG_WARN_OBJC_ROOT_CLASS = YES_ERROR;
				CLANG_WARN_QUOTED_INCLUDE_IN_FRAMEWORK_HEADER = YES;
				CLANG_WARN_RANGE_LOOP_ANALYSIS = YES;
				CLANG_WARN_STRICT_PROTOTYPES = YES;
				CLANG_WARN_SUSPICIOUS_MOVE = YES;
				CLANG_WARN_UNGUARDED_AVAILABILITY = YES_AGGRESSIVE;
				CLANG_WARN_UNREACHABLE_CODE = YES;
				CLANG_WARN__DUPLICATE_METHOD_MATCH = YES;
				COPY_PHASE_STRIP = NO;
				DEBUG_INFORMATION_FORMAT = dwarf;
				ENABLE_STRICT_OBJC_MSGSEND = YES;
				ENABLE_TESTABILITY = YES;
				GCC_C_LANGUAGE_STANDARD = gnu11;
				GCC_DYNAMIC_NO_PIC = NO;
				GCC_NO_COMMON_BLOCKS = YES;
				GCC_OPTIMIZATION_LEVEL = 0;
				GCC_PREPROCESSOR_DEFINITIONS = (
					"DEBUG=1",
					"$(inherited)",
				);
				GCC_WARN_64_TO_32_BIT_CONVERSION = YES;
				GCC_WARN_ABOUT_RETURN_TYPE = YES_ERROR;
				GCC_WARN_UNDECLARED_SELECTOR = YES;
				GCC_WARN_UNINITIALIZED_AUTOS = YES_AGGRESSIVE;
				GCC_WARN_UNUSED_FUNCTION = YES;
				GCC_WARN_UNUSED_VARIABLE = YES;
				IPHONEOS_DEPLOYMENT_TARGET = 15.0;
				MTL_ENABLE_DEBUG_INFO = INCLUDE_SOURCE;
				MTL_FAST_MATH = YES;
				ONLY_ACTIVE_ARCH = YES;
				SDKROOT = iphoneos;
				SWIFT_ACTIVE_COMPILATION_CONDITIONS = DEBUG;
				SWIFT_OPTIMIZATION_LEVEL = "-Onone";
			};
			name = Debug;
		};
		8C896A7E2722600800517861 /* Release */ = {
			isa = XCBuildConfiguration;
			buildSettings = {
				ALWAYS_SEARCH_USER_PATHS = NO;
				CLANG_ANALYZER_NONNULL = YES;
				CLANG_ANALYZER_NUMBER_OBJECT_CONVERSION = YES_AGGRESSIVE;
				CLANG_CXX_LANGUAGE_STANDARD = "gnu++17";
				CLANG_CXX_LIBRARY = "libc++";
				CLANG_ENABLE_MODULES = YES;
				CLANG_ENABLE_OBJC_ARC = YES;
				CLANG_ENABLE_OBJC_WEAK = YES;
				CLANG_WARN_BLOCK_CAPTURE_AUTORELEASING = YES;
				CLANG_WARN_BOOL_CONVERSION = YES;
				CLANG_WARN_COMMA = YES;
				CLANG_WARN_CONSTANT_CONVERSION = YES;
				CLANG_WARN_DEPRECATED_OBJC_IMPLEMENTATIONS = YES;
				CLANG_WARN_DIRECT_OBJC_ISA_USAGE = YES_ERROR;
				CLANG_WARN_DOCUMENTATION_COMMENTS = YES;
				CLANG_WARN_EMPTY_BODY = YES;
				CLANG_WARN_ENUM_CONVERSION = YES;
				CLANG_WARN_INFINITE_RECURSION = YES;
				CLANG_WARN_INT_CONVERSION = YES;
				CLANG_WARN_NON_LITERAL_NULL_CONVERSION = YES;
				CLANG_WARN_OBJC_IMPLICIT_RETAIN_SELF = YES;
				CLANG_WARN_OBJC_LITERAL_CONVERSION = YES;
				CLANG_WARN_OBJC_ROOT_CLASS = YES_ERROR;
				CLANG_WARN_QUOTED_INCLUDE_IN_FRAMEWORK_HEADER = YES;
				CLANG_WARN_RANGE_LOOP_ANALYSIS = YES;
				CLANG_WARN_STRICT_PROTOTYPES = YES;
				CLANG_WARN_SUSPICIOUS_MOVE = YES;
				CLANG_WARN_UNGUARDED_AVAILABILITY = YES_AGGRESSIVE;
				CLANG_WARN_UNREACHABLE_CODE = YES;
				CLANG_WARN__DUPLICATE_METHOD_MATCH = YES;
				COPY_PHASE_STRIP = NO;
				DEBUG_INFORMATION_FORMAT = "dwarf-with-dsym";
				ENABLE_NS_ASSERTIONS = NO;
				ENABLE_STRICT_OBJC_MSGSEND = YES;
				GCC_C_LANGUAGE_STANDARD = gnu11;
				GCC_NO_COMMON_BLOCKS = YES;
				GCC_WARN_64_TO_32_BIT_CONVERSION = YES;
				GCC_WARN_ABOUT_RETURN_TYPE = YES_ERROR;
				GCC_WARN_UNDECLARED_SELECTOR = YES;
				GCC_WARN_UNINITIALIZED_AUTOS = YES_AGGRESSIVE;
				GCC_WARN_UNUSED_FUNCTION = YES;
				GCC_WARN_UNUSED_VARIABLE = YES;
				IPHONEOS_DEPLOYMENT_TARGET = 15.0;
				MTL_ENABLE_DEBUG_INFO = NO;
				MTL_FAST_MATH = YES;
				SDKROOT = iphoneos;
				SWIFT_COMPILATION_MODE = wholemodule;
				SWIFT_OPTIMIZATION_LEVEL = "-O";
				VALIDATE_PRODUCT = YES;
			};
			name = Release;
		};
		8C896A802722600800517861 /* Debug */ = {
			isa = XCBuildConfiguration;
			buildSettings = {
				ASSETCATALOG_COMPILER_APPICON_NAME = AppIcon;
				ASSETCATALOG_COMPILER_GLOBAL_ACCENT_COLOR_NAME = AccentColor;
				CODE_SIGN_STYLE = Automatic;
				CURRENT_PROJECT_VERSION = 1;
				DEVELOPMENT_TEAM = MGJDRSSSYP;
				GENERATE_INFOPLIST_FILE = YES;
				INFOPLIST_FILE = ValidationTest/Info.plist;
				INFOPLIST_KEY_UIApplicationSupportsIndirectInputEvents = YES;
				INFOPLIST_KEY_UILaunchStoryboardName = LaunchScreen;
				INFOPLIST_KEY_UIMainStoryboardFile = Main;
				INFOPLIST_KEY_UISupportedInterfaceOrientations_iPad = "UIInterfaceOrientationPortrait UIInterfaceOrientationPortraitUpsideDown UIInterfaceOrientationLandscapeLeft UIInterfaceOrientationLandscapeRight";
				INFOPLIST_KEY_UISupportedInterfaceOrientations_iPhone = "UIInterfaceOrientationPortrait UIInterfaceOrientationLandscapeLeft UIInterfaceOrientationLandscapeRight";
				LD_RUNPATH_SEARCH_PATHS = (
					"$(inherited)",
					"@executable_path/Frameworks",
				);
				MARKETING_VERSION = 1.0;
				PRODUCT_BUNDLE_IDENTIFIER = com.masatotakamura.ValidationTest;
				PRODUCT_NAME = "$(TARGET_NAME)";
				SWIFT_EMIT_LOC_STRINGS = YES;
				SWIFT_VERSION = 5.0;
				TARGETED_DEVICE_FAMILY = 1;
			};
			name = Debug;
		};
		8C896A812722600800517861 /* Release */ = {
			isa = XCBuildConfiguration;
			buildSettings = {
				ASSETCATALOG_COMPILER_APPICON_NAME = AppIcon;
				ASSETCATALOG_COMPILER_GLOBAL_ACCENT_COLOR_NAME = AccentColor;
				CODE_SIGN_STYLE = Automatic;
				CURRENT_PROJECT_VERSION = 1;
				DEVELOPMENT_TEAM = MGJDRSSSYP;
				GENERATE_INFOPLIST_FILE = YES;
				INFOPLIST_FILE = ValidationTest/Info.plist;
				INFOPLIST_KEY_UIApplicationSupportsIndirectInputEvents = YES;
				INFOPLIST_KEY_UILaunchStoryboardName = LaunchScreen;
				INFOPLIST_KEY_UIMainStoryboardFile = Main;
				INFOPLIST_KEY_UISupportedInterfaceOrientations_iPad = "UIInterfaceOrientationPortrait UIInterfaceOrientationPortraitUpsideDown UIInterfaceOrientationLandscapeLeft UIInterfaceOrientationLandscapeRight";
				INFOPLIST_KEY_UISupportedInterfaceOrientations_iPhone = "UIInterfaceOrientationPortrait UIInterfaceOrientationLandscapeLeft UIInterfaceOrientationLandscapeRight";
				LD_RUNPATH_SEARCH_PATHS = (
					"$(inherited)",
					"@executable_path/Frameworks",
				);
				MARKETING_VERSION = 1.0;
				PRODUCT_BUNDLE_IDENTIFIER = com.masatotakamura.ValidationTest;
				PRODUCT_NAME = "$(TARGET_NAME)";
				SWIFT_EMIT_LOC_STRINGS = YES;
				SWIFT_VERSION = 5.0;
				TARGETED_DEVICE_FAMILY = 1;
			};
			name = Release;
		};
		8CDB5008276DDEA600B8ECF2 /* Debug */ = {
			isa = XCBuildConfiguration;
			buildSettings = {
				BUNDLE_LOADER = "$(TEST_HOST)";
				CODE_SIGN_STYLE = Automatic;
				CURRENT_PROJECT_VERSION = 1;
				DEVELOPMENT_TEAM = MGJDRSSSYP;
				GENERATE_INFOPLIST_FILE = YES;
				LD_RUNPATH_SEARCH_PATHS = (
					"$(inherited)",
					"@executable_path/Frameworks",
					"@loader_path/Frameworks",
				);
				MARKETING_VERSION = 1.0;
				PRODUCT_BUNDLE_IDENTIFIER = com.masatotakamura.ValidationTestTests;
				PRODUCT_NAME = "$(TARGET_NAME)";
				SWIFT_EMIT_LOC_STRINGS = NO;
				SWIFT_VERSION = 5.0;
				TARGETED_DEVICE_FAMILY = "1,2";
				TEST_HOST = "$(BUILT_PRODUCTS_DIR)/ValidationTest.app/ValidationTest";
			};
			name = Debug;
		};
		8CDB5009276DDEA600B8ECF2 /* Release */ = {
			isa = XCBuildConfiguration;
			buildSettings = {
				BUNDLE_LOADER = "$(TEST_HOST)";
				CODE_SIGN_STYLE = Automatic;
				CURRENT_PROJECT_VERSION = 1;
				DEVELOPMENT_TEAM = MGJDRSSSYP;
				GENERATE_INFOPLIST_FILE = YES;
				LD_RUNPATH_SEARCH_PATHS = (
					"$(inherited)",
					"@executable_path/Frameworks",
					"@loader_path/Frameworks",
				);
				MARKETING_VERSION = 1.0;
				PRODUCT_BUNDLE_IDENTIFIER = com.masatotakamura.ValidationTestTests;
				PRODUCT_NAME = "$(TARGET_NAME)";
				SWIFT_EMIT_LOC_STRINGS = NO;
				SWIFT_VERSION = 5.0;
				TARGETED_DEVICE_FAMILY = "1,2";
				TEST_HOST = "$(BUILT_PRODUCTS_DIR)/ValidationTest.app/ValidationTest";
			};
			name = Release;
		};
/* End XCBuildConfiguration section */

/* Begin XCConfigurationList section */
		8C896A662722600500517861 /* Build configuration list for PBXProject "ValidationTest" */ = {
			isa = XCConfigurationList;
			buildConfigurations = (
				8C896A7D2722600800517861 /* Debug */,
				8C896A7E2722600800517861 /* Release */,
			);
			defaultConfigurationIsVisible = 0;
			defaultConfigurationName = Release;
		};
		8C896A7F2722600800517861 /* Build configuration list for PBXNativeTarget "ValidationTest" */ = {
			isa = XCConfigurationList;
			buildConfigurations = (
				8C896A802722600800517861 /* Debug */,
				8C896A812722600800517861 /* Release */,
			);
			defaultConfigurationIsVisible = 0;
			defaultConfigurationName = Release;
		};
		8CDB500A276DDEA600B8ECF2 /* Build configuration list for PBXNativeTarget "ValidationTestTests" */ = {
			isa = XCConfigurationList;
			buildConfigurations = (
				8CDB5008276DDEA600B8ECF2 /* Debug */,
				8CDB5009276DDEA600B8ECF2 /* Release */,
			);
			defaultConfigurationIsVisible = 0;
			defaultConfigurationName = Release;
		};
/* End XCConfigurationList section */
	};
	rootObject = 8C896A632722600500517861 /* Project object */;
}
